
Microsoft Visual Studio Solution File, Format Version 12.00
# Visual Studio 15
VisualStudioVersion = 15.0.27004.2005
MinimumVisualStudioVersion = 10.0.40219.1
Project("{FAE04EC0-301F-11D3-BF4B-00C04F79EFBC}") = "Kaleidoscope", "Kaleidoscope\Kaleidoscope.csproj", "{8EC366FD-41B5-42A4-9847-F05324D89997}"
EndProject
Global
	GlobalSection(SolutionConfigurationPlatforms) = preSolution
		Debug|Any CPU = Debug|Any CPU
		Release|Any CPU = Release|Any CPU
	EndGlobalSection
	GlobalSection(ProjectConfigurationPlatforms) = postSolution
		{8EC366FD-41B5-42A4-9847-F05324D89997}.Debug|Any CPU.ActiveCfg = Debug|Any CPU
		{8EC366FD-41B5-42A4-9847-F05324D89997}.Debug|Any CPU.Build.0 = Debug|Any CPU
		{8EC366FD-41B5-42A4-9847-F05324D89997}.Release|Any CPU.ActiveCfg = Release|Any CPU
		{8EC366FD-41B5-42A4-9847-F05324D89997}.Release|Any CPU.Build.0 = Release|Any CPU
	EndGlobalSection
	GlobalSection(SolutionProperties) = preSolution
		HideSolutionNode = FALSE
	EndGlobalSection
	GlobalSection(ExtensibilityGlobals) = postSolution
		SolutionGuid = {865C573D-A7BB-45A6-8F8C-B81192695797}
	EndGlobalSection
EndGlobal
